
Microsoft Visual Studio Solution File, Format Version 12.00
# Visual Studio 2012
Project("{FAE04EC0-301F-11D3-BF4B-00C04F79EFBC}") = "SocialLoginForms", "SocialLoginForms\SocialLoginForms.csproj", "{287D1DE1-B6D5-4028-A9D6-43D1BD8BE4C7}"
EndProject
Project("{FAE04EC0-301F-11D3-BF4B-00C04F79EFBC}") = "SocialLoginForms.Entities", "SocialLoginForms.Entities\SocialLoginForms.Entities.csproj", "{CC505786-BB6E-4E77-BA3D-47B61B258AFA}"
EndProject
Project("{FAE04EC0-301F-11D3-BF4B-00C04F79EFBC}") = "SocialLoginForms.DataAccess", "SocialLoginForms.DataAccess\SocialLoginForms.DataAccess.csproj", "{FDD7495D-0695-473A-9D62-3776666BCDCA}"
EndProject
Project("{FAE04EC0-301F-11D3-BF4B-00C04F79EFBC}") = "SocialLoginForms.DataAccess.Sql", "SocialLoginForms.DataAccess.Sql\SocialLoginForms.DataAccess.Sql.csproj", "{B7DCEF19-42B8-443B-96C5-CF4024FE975B}"
EndProject
Project("{FAE04EC0-301F-11D3-BF4B-00C04F79EFBC}") = "SocialLoginForms.Security", "SocialLoginForms.Security\SocialLoginForms.Security.csproj", "{2FE8CB09-3F29-4A6D-B082-58E9EFA27DEC}"
EndProject
Project("{2150E333-8FDC-42A3-9474-1A3956D46DE8}") = "Solution Items", "Solution Items", "{076EE4DA-D827-48AB-908B-A3F7F8C177C7}"
	ProjectSection(SolutionItems) = preProject
		readme.txt = readme.txt
	EndProjectSection
EndProject
Global
	GlobalSection(SolutionConfigurationPlatforms) = preSolution
		Debug|Any CPU = Debug|Any CPU
		Release|Any CPU = Release|Any CPU
	EndGlobalSection
	GlobalSection(ProjectConfigurationPlatforms) = postSolution
		{287D1DE1-B6D5-4028-A9D6-43D1BD8BE4C7}.Debug|Any CPU.ActiveCfg = Debug|Any CPU
		{287D1DE1-B6D5-4028-A9D6-43D1BD8BE4C7}.Debug|Any CPU.Build.0 = Debug|Any CPU
		{287D1DE1-B6D5-4028-A9D6-43D1BD8BE4C7}.Release|Any CPU.ActiveCfg = Release|Any CPU
		{287D1DE1-B6D5-4028-A9D6-43D1BD8BE4C7}.Release|Any CPU.Build.0 = Release|Any CPU
		{CC505786-BB6E-4E77-BA3D-47B61B258AFA}.Debug|Any CPU.ActiveCfg = Debug|Any CPU
		{CC505786-BB6E-4E77-BA3D-47B61B258AFA}.Debug|Any CPU.Build.0 = Debug|Any CPU
		{CC505786-BB6E-4E77-BA3D-47B61B258AFA}.Release|Any CPU.ActiveCfg = Release|Any CPU
		{CC505786-BB6E-4E77-BA3D-47B61B258AFA}.Release|Any CPU.Build.0 = Release|Any CPU
		{FDD7495D-0695-473A-9D62-3776666BCDCA}.Debug|Any CPU.ActiveCfg = Debug|Any CPU
		{FDD7495D-0695-473A-9D62-3776666BCDCA}.Debug|Any CPU.Build.0 = Debug|Any CPU
		{FDD7495D-0695-473A-9D62-3776666BCDCA}.Release|Any CPU.ActiveCfg = Release|Any CPU
		{FDD7495D-0695-473A-9D62-3776666BCDCA}.Release|Any CPU.Build.0 = Release|Any CPU
		{B7DCEF19-42B8-443B-96C5-CF4024FE975B}.Debug|Any CPU.ActiveCfg = Debug|Any CPU
		{B7DCEF19-42B8-443B-96C5-CF4024FE975B}.Debug|Any CPU.Build.0 = Debug|Any CPU
		{B7DCEF19-42B8-443B-96C5-CF4024FE975B}.Release|Any CPU.ActiveCfg = Release|Any CPU
		{B7DCEF19-42B8-443B-96C5-CF4024FE975B}.Release|Any CPU.Build.0 = Release|Any CPU
		{2FE8CB09-3F29-4A6D-B082-58E9EFA27DEC}.Debug|Any CPU.ActiveCfg = Debug|Any CPU
		{2FE8CB09-3F29-4A6D-B082-58E9EFA27DEC}.Debug|Any CPU.Build.0 = Debug|Any CPU
		{2FE8CB09-3F29-4A6D-B082-58E9EFA27DEC}.Release|Any CPU.ActiveCfg = Release|Any CPU
		{2FE8CB09-3F29-4A6D-B082-58E9EFA27DEC}.Release|Any CPU.Build.0 = Release|Any CPU
	EndGlobalSection
	GlobalSection(SolutionProperties) = preSolution
		HideSolutionNode = FALSE
	EndGlobalSection
EndGlobal
